// !$*UTF8*$!
{
	archiveVersion = 1;
	classes = {
	};
	objectVersion = 46;
	objects = {

/* Begin PBXBuildFile section */
		7411D04D16441DFB00B6DF27 /* Quote.m in Sources */ = {isa = PBXBuildFile; fileRef = 7411D04C16441DFB00B6DF27 /* Quote.m */; };
		741B0727155E49B700F07219 /* CoreData.framework in Frameworks */ = {isa = PBXBuildFile; fileRef = 741B0726155E49B700F07219 /* CoreData.framework */; };
		741B072A155E4B8000F07219 /* QuotesCoreData.xcdatamodeld in Sources */ = {isa = PBXBuildFile; fileRef = 741B0728155E4B8000F07219 /* QuotesCoreData.xcdatamodeld */; };
		747F6BDC1633EDDA007A315F /* CFNetwork.framework in Frameworks */ = {isa = PBXBuildFile; fileRef = 747F6BDB1633EDDA007A315F /* CFNetwork.framework */; };
		747F6BDE1633EDF0007A315F /* Security.framework in Frameworks */ = {isa = PBXBuildFile; fileRef = 747F6BDD1633EDF0007A315F /* Security.framework */; };
		747F6BE01633EE3C007A315F /* MobileCoreServices.framework in Frameworks */ = {isa = PBXBuildFile; fileRef = 747F6BDF1633EE3C007A315F /* MobileCoreServices.framework */; };
		747F6BE21633EE42007A315F /* SystemConfiguration.framework in Frameworks */ = {isa = PBXBuildFile; fileRef = 747F6BE11633EE42007A315F /* SystemConfiguration.framework */; };
		749ED571163458C200D76B58 /* libRestKit.a in Frameworks */ = {isa = PBXBuildFile; fileRef = 749ED5661634588200D76B58 /* libRestKit.a */; };
		74A331741653807000B0ED33 /* QuoteCellView.xib in Resources */ = {isa = PBXBuildFile; fileRef = 74A331731653807000B0ED33 /* QuoteCellView.xib */; };
		74A33177165382F600B0ED33 /* QuoteViewCell.m in Sources */ = {isa = PBXBuildFile; fileRef = 74A33176165382F600B0ED33 /* QuoteViewCell.m */; };
		74CDA5C8155EAC400031B304 /* BestQuotesViewController.m in Sources */ = {isa = PBXBuildFile; fileRef = 74CDA5C1155EAC400031B304 /* BestQuotesViewController.m */; };
		74CDA5C9155EAC400031B304 /* FavoritesViewController.m in Sources */ = {isa = PBXBuildFile; fileRef = 74CDA5C3155EAC400031B304 /* FavoritesViewController.m */; };
		74CDA5CA155EAC400031B304 /* LatestQuotesViewController.m in Sources */ = {isa = PBXBuildFile; fileRef = 74CDA5C5155EAC400031B304 /* LatestQuotesViewController.m */; };
		74CDA5CB155EAC400031B304 /* NotPublishedViewController.m in Sources */ = {isa = PBXBuildFile; fileRef = 74CDA5C7155EAC400031B304 /* NotPublishedViewController.m */; };
		74CDA5D6155EAC750031B304 /* first.png in Resources */ = {isa = PBXBuildFile; fileRef = 74CDA5D2155EAC750031B304 /* first.png */; };
		74CDA5D7155EAC750031B304 /* first@2x.png in Resources */ = {isa = PBXBuildFile; fileRef = 74CDA5D3155EAC750031B304 /* first@2x.png */; };
		74CDA5D8155EAC750031B304 /* second.png in Resources */ = {isa = PBXBuildFile; fileRef = 74CDA5D4155EAC750031B304 /* second.png */; };
		74CDA5D9155EAC750031B304 /* second@2x.png in Resources */ = {isa = PBXBuildFile; fileRef = 74CDA5D5155EAC750031B304 /* second@2x.png */; };
		74CDA5E8155EAD2D0031B304 /* EGORefreshTableHeaderView.m in Sources */ = {isa = PBXBuildFile; fileRef = 74CDA5DE155EAD2D0031B304 /* EGORefreshTableHeaderView.m */; };
		74CDA5E9155EAD2D0031B304 /* blackArrow.png in Resources */ = {isa = PBXBuildFile; fileRef = 74CDA5E0155EAD2D0031B304 /* blackArrow.png */; };
		74CDA5EA155EAD2D0031B304 /* blackArrow@2x.png in Resources */ = {isa = PBXBuildFile; fileRef = 74CDA5E1155EAD2D0031B304 /* blackArrow@2x.png */; };
		74CDA5EB155EAD2D0031B304 /* blueArrow.png in Resources */ = {isa = PBXBuildFile; fileRef = 74CDA5E2155EAD2D0031B304 /* blueArrow.png */; };
		74CDA5EC155EAD2D0031B304 /* blueArrow@2x.png in Resources */ = {isa = PBXBuildFile; fileRef = 74CDA5E3155EAD2D0031B304 /* blueArrow@2x.png */; };
		74CDA5ED155EAD2D0031B304 /* grayArrow.png in Resources */ = {isa = PBXBuildFile; fileRef = 74CDA5E4155EAD2D0031B304 /* grayArrow.png */; };
		74CDA5EE155EAD2D0031B304 /* grayArrow@2x.png in Resources */ = {isa = PBXBuildFile; fileRef = 74CDA5E5155EAD2D0031B304 /* grayArrow@2x.png */; };
		74CDA5EF155EAD2D0031B304 /* whiteArrow.png in Resources */ = {isa = PBXBuildFile; fileRef = 74CDA5E6155EAD2D0031B304 /* whiteArrow.png */; };
		74CDA5F0155EAD2D0031B304 /* whiteArrow@2x.png in Resources */ = {isa = PBXBuildFile; fileRef = 74CDA5E7155EAD2D0031B304 /* whiteArrow@2x.png */; };
		74CDA5F2155EAD7C0031B304 /* QuartzCore.framework in Frameworks */ = {isa = PBXBuildFile; fileRef = 74CDA5F1155EAD7C0031B304 /* QuartzCore.framework */; };
		74CDA5FD155EB0280031B304 /* BaseViewController.m in Sources */ = {isa = PBXBuildFile; fileRef = 74CDA5FC155EB0280031B304 /* BaseViewController.m */; };
		74CDF7D4155E42AE00B2459C /* UIKit.framework in Frameworks */ = {isa = PBXBuildFile; fileRef = 74CDF7D3155E42AE00B2459C /* UIKit.framework */; };
		74CDF7D6155E42AE00B2459C /* Foundation.framework in Frameworks */ = {isa = PBXBuildFile; fileRef = 74CDF7D5155E42AE00B2459C /* Foundation.framework */; };
		74CDF7D8155E42AE00B2459C /* CoreGraphics.framework in Frameworks */ = {isa = PBXBuildFile; fileRef = 74CDF7D7155E42AE00B2459C /* CoreGraphics.framework */; };
		74CDF7DE155E42AE00B2459C /* InfoPlist.strings in Resources */ = {isa = PBXBuildFile; fileRef = 74CDF7DC155E42AE00B2459C /* InfoPlist.strings */; };
		74CDF7E0155E42AE00B2459C /* main.m in Sources */ = {isa = PBXBuildFile; fileRef = 74CDF7DF155E42AE00B2459C /* main.m */; };
		74CDF7E4155E42AE00B2459C /* AppDelegate.m in Sources */ = {isa = PBXBuildFile; fileRef = 74CDF7E3155E42AE00B2459C /* AppDelegate.m */; };
		74CDF7E7155E42AE00B2459C /* MainStoryboard.storyboard in Resources */ = {isa = PBXBuildFile; fileRef = 74CDF7E5155E42AE00B2459C /* MainStoryboard.storyboard */; };
/* End PBXBuildFile section */

/* Begin PBXContainerItemProxy section */
		749ED5651634588200D76B58 /* PBXContainerItemProxy */ = {
			isa = PBXContainerItemProxy;
			containerPortal = 749ED55A1634588100D76B58 /* RestKit.xcodeproj */;
			proxyType = 2;
			remoteGlobalIDString = 25160D1614564E810060A5C5;
			remoteInfo = RestKit;
		};
		749ED5671634588200D76B58 /* PBXContainerItemProxy */ = {
			isa = PBXContainerItemProxy;
			containerPortal = 749ED55A1634588100D76B58 /* RestKit.xcodeproj */;
			proxyType = 2;
			remoteGlobalIDString = 25160D2614564E820060A5C5;
			remoteInfo = RestKitTests;
		};
		749ED5691634588200D76B58 /* PBXContainerItemProxy */ = {
			isa = PBXContainerItemProxy;
			containerPortal = 749ED55A1634588100D76B58 /* RestKit.xcodeproj */;
			proxyType = 2;
			remoteGlobalIDString = 25160E62145651060060A5C5;
			remoteInfo = RestKitFramework;
		};
		749ED56B1634588200D76B58 /* PBXContainerItemProxy */ = {
			isa = PBXContainerItemProxy;
			containerPortal = 749ED55A1634588100D76B58 /* RestKit.xcodeproj */;
			proxyType = 2;
			remoteGlobalIDString = 25160E78145651060060A5C5;
			remoteInfo = RestKitFrameworkTests;
		};
		749ED56D1634588200D76B58 /* PBXContainerItemProxy */ = {
			isa = PBXContainerItemProxy;
			containerPortal = 749ED55A1634588100D76B58 /* RestKit.xcodeproj */;
			proxyType = 2;
			remoteGlobalIDString = 259C301615128079003066A2;
			remoteInfo = RestKitResources;
		};
		749ED56F163458BC00D76B58 /* PBXContainerItemProxy */ = {
			isa = PBXContainerItemProxy;
			containerPortal = 749ED55A1634588100D76B58 /* RestKit.xcodeproj */;
			proxyType = 1;
			remoteGlobalIDString = 25160D1514564E810060A5C5;
			remoteInfo = RestKit;
		};
/* End PBXContainerItemProxy section */

/* Begin PBXFileReference section */
		7411D04B16441DFB00B6DF27 /* Quote.h */ = {isa = PBXFileReference; fileEncoding = 4; lastKnownFileType = sourcecode.c.h; path = Quote.h; sourceTree = "<group>"; };
		7411D04C16441DFB00B6DF27 /* Quote.m */ = {isa = PBXFileReference; fileEncoding = 4; lastKnownFileType = sourcecode.c.objc; path = Quote.m; sourceTree = "<group>"; };
		741B0726155E49B700F07219 /* CoreData.framework */ = {isa = PBXFileReference; lastKnownFileType = wrapper.framework; name = CoreData.framework; path = System/Library/Frameworks/CoreData.framework; sourceTree = SDKROOT; };
		741B0729155E4B8000F07219 /* QuotesCoreData.xcdatamodel */ = {isa = PBXFileReference; lastKnownFileType = wrapper.xcdatamodel; path = QuotesCoreData.xcdatamodel; sourceTree = "<group>"; };
		747F6BDB1633EDDA007A315F /* CFNetwork.framework */ = {isa = PBXFileReference; lastKnownFileType = wrapper.framework; name = CFNetwork.framework; path = System/Library/Frameworks/CFNetwork.framework; sourceTree = SDKROOT; };
		747F6BDD1633EDF0007A315F /* Security.framework */ = {isa = PBXFileReference; lastKnownFileType = wrapper.framework; name = Security.framework; path = System/Library/Frameworks/Security.framework; sourceTree = SDKROOT; };
		747F6BDF1633EE3C007A315F /* MobileCoreServices.framework */ = {isa = PBXFileReference; lastKnownFileType = wrapper.framework; name = MobileCoreServices.framework; path = System/Library/Frameworks/MobileCoreServices.framework; sourceTree = SDKROOT; };
		747F6BE11633EE42007A315F /* SystemConfiguration.framework */ = {isa = PBXFileReference; lastKnownFileType = wrapper.framework; name = SystemConfiguration.framework; path = System/Library/Frameworks/SystemConfiguration.framework; sourceTree = SDKROOT; };
		749ED55A1634588100D76B58 /* RestKit.xcodeproj */ = {isa = PBXFileReference; lastKnownFileType = "wrapper.pb-project"; name = RestKit.xcodeproj; path = RestKit/RestKit.xcodeproj; sourceTree = "<group>"; };
		74A331731653807000B0ED33 /* QuoteCellView.xib */ = {isa = PBXFileReference; fileEncoding = 4; lastKnownFileType = file.xib; path = QuoteCellView.xib; sourceTree = "<group>"; };
		74A33175165382F500B0ED33 /* QuoteViewCell.h */ = {isa = PBXFileReference; fileEncoding = 4; lastKnownFileType = sourcecode.c.h; path = QuoteViewCell.h; sourceTree = "<group>"; };
		74A33176165382F600B0ED33 /* QuoteViewCell.m */ = {isa = PBXFileReference; fileEncoding = 4; lastKnownFileType = sourcecode.c.objc; path = QuoteViewCell.m; sourceTree = "<group>"; };
		74B41653155F94770025091D /* Logging.h */ = {isa = PBXFileReference; fileEncoding = 4; lastKnownFileType = sourcecode.c.h; path = Logging.h; sourceTree = "<group>"; };
		74B41659155F966F0025091D /* Constants.h */ = {isa = PBXFileReference; fileEncoding = 4; lastKnownFileType = sourcecode.c.h; path = Constants.h; sourceTree = "<group>"; };
		74CDA5C0155EAC400031B304 /* BestQuotesViewController.h */ = {isa = PBXFileReference; fileEncoding = 4; lastKnownFileType = sourcecode.c.h; path = BestQuotesViewController.h; sourceTree = "<group>"; };
		74CDA5C1155EAC400031B304 /* BestQuotesViewController.m */ = {isa = PBXFileReference; fileEncoding = 4; lastKnownFileType = sourcecode.c.objc; path = BestQuotesViewController.m; sourceTree = "<group>"; };
		74CDA5C2155EAC400031B304 /* FavoritesViewController.h */ = {isa = PBXFileReference; fileEncoding = 4; lastKnownFileType = sourcecode.c.h; path = FavoritesViewController.h; sourceTree = "<group>"; };
		74CDA5C3155EAC400031B304 /* FavoritesViewController.m */ = {isa = PBXFileReference; fileEncoding = 4; lastKnownFileType = sourcecode.c.objc; path = FavoritesViewController.m; sourceTree = "<group>"; };
		74CDA5C4155EAC400031B304 /* LatestQuotesViewController.h */ = {isa = PBXFileReference; fileEncoding = 4; lastKnownFileType = sourcecode.c.h; path = LatestQuotesViewController.h; sourceTree = "<group>"; };
		74CDA5C5155EAC400031B304 /* LatestQuotesViewController.m */ = {isa = PBXFileReference; fileEncoding = 4; lastKnownFileType = sourcecode.c.objc; path = LatestQuotesViewController.m; sourceTree = "<group>"; };
		74CDA5C6155EAC400031B304 /* NotPublishedViewController.h */ = {isa = PBXFileReference; fileEncoding = 4; lastKnownFileType = sourcecode.c.h; path = NotPublishedViewController.h; sourceTree = "<group>"; };
		74CDA5C7155EAC400031B304 /* NotPublishedViewController.m */ = {isa = PBXFileReference; fileEncoding = 4; lastKnownFileType = sourcecode.c.objc; path = NotPublishedViewController.m; sourceTree = "<group>"; };
		74CDA5D2155EAC750031B304 /* first.png */ = {isa = PBXFileReference; lastKnownFileType = image.png; path = first.png; sourceTree = "<group>"; };
		74CDA5D3155EAC750031B304 /* first@2x.png */ = {isa = PBXFileReference; lastKnownFileType = image.png; path = "first@2x.png"; sourceTree = "<group>"; };
		74CDA5D4155EAC750031B304 /* second.png */ = {isa = PBXFileReference; lastKnownFileType = image.png; path = second.png; sourceTree = "<group>"; };
		74CDA5D5155EAC750031B304 /* second@2x.png */ = {isa = PBXFileReference; lastKnownFileType = image.png; path = "second@2x.png"; sourceTree = "<group>"; };
		74CDA5DD155EAD2D0031B304 /* EGORefreshTableHeaderView.h */ = {isa = PBXFileReference; fileEncoding = 4; lastKnownFileType = sourcecode.c.h; path = EGORefreshTableHeaderView.h; sourceTree = "<group>"; };
		74CDA5DE155EAD2D0031B304 /* EGORefreshTableHeaderView.m */ = {isa = PBXFileReference; fileEncoding = 4; lastKnownFileType = sourcecode.c.objc; path = EGORefreshTableHeaderView.m; sourceTree = "<group>"; };
		74CDA5E0155EAD2D0031B304 /* blackArrow.png */ = {isa = PBXFileReference; lastKnownFileType = image.png; path = blackArrow.png; sourceTree = "<group>"; };
		74CDA5E1155EAD2D0031B304 /* blackArrow@2x.png */ = {isa = PBXFileReference; lastKnownFileType = image.png; path = "blackArrow@2x.png"; sourceTree = "<group>"; };
		74CDA5E2155EAD2D0031B304 /* blueArrow.png */ = {isa = PBXFileReference; lastKnownFileType = image.png; path = blueArrow.png; sourceTree = "<group>"; };
		74CDA5E3155EAD2D0031B304 /* blueArrow@2x.png */ = {isa = PBXFileReference; lastKnownFileType = image.png; path = "blueArrow@2x.png"; sourceTree = "<group>"; };
		74CDA5E4155EAD2D0031B304 /* grayArrow.png */ = {isa = PBXFileReference; lastKnownFileType = image.png; path = grayArrow.png; sourceTree = "<group>"; };
		74CDA5E5155EAD2D0031B304 /* grayArrow@2x.png */ = {isa = PBXFileReference; lastKnownFileType = image.png; path = "grayArrow@2x.png"; sourceTree = "<group>"; };
		74CDA5E6155EAD2D0031B304 /* whiteArrow.png */ = {isa = PBXFileReference; lastKnownFileType = image.png; path = whiteArrow.png; sourceTree = "<group>"; };
		74CDA5E7155EAD2D0031B304 /* whiteArrow@2x.png */ = {isa = PBXFileReference; lastKnownFileType = image.png; path = "whiteArrow@2x.png"; sourceTree = "<group>"; };
		74CDA5F1155EAD7C0031B304 /* QuartzCore.framework */ = {isa = PBXFileReference; lastKnownFileType = wrapper.framework; name = QuartzCore.framework; path = System/Library/Frameworks/QuartzCore.framework; sourceTree = SDKROOT; };
		74CDA5FB155EB0280031B304 /* BaseViewController.h */ = {isa = PBXFileReference; fileEncoding = 4; lastKnownFileType = sourcecode.c.h; path = BaseViewController.h; sourceTree = "<group>"; };
		74CDA5FC155EB0280031B304 /* BaseViewController.m */ = {isa = PBXFileReference; fileEncoding = 4; lastKnownFileType = sourcecode.c.objc; path = BaseViewController.m; sourceTree = "<group>"; };
		74CDF7CF155E42AD00B2459C /* ukrbash.app */ = {isa = PBXFileReference; explicitFileType = wrapper.application; includeInIndex = 0; path = ukrbash.app; sourceTree = BUILT_PRODUCTS_DIR; };
		74CDF7D3155E42AE00B2459C /* UIKit.framework */ = {isa = PBXFileReference; lastKnownFileType = wrapper.framework; name = UIKit.framework; path = System/Library/Frameworks/UIKit.framework; sourceTree = SDKROOT; };
		74CDF7D5155E42AE00B2459C /* Foundation.framework */ = {isa = PBXFileReference; lastKnownFileType = wrapper.framework; name = Foundation.framework; path = System/Library/Frameworks/Foundation.framework; sourceTree = SDKROOT; };
		74CDF7D7155E42AE00B2459C /* CoreGraphics.framework */ = {isa = PBXFileReference; lastKnownFileType = wrapper.framework; name = CoreGraphics.framework; path = System/Library/Frameworks/CoreGraphics.framework; sourceTree = SDKROOT; };
		74CDF7DB155E42AE00B2459C /* ukrbash-Info.plist */ = {isa = PBXFileReference; lastKnownFileType = text.plist.xml; path = "ukrbash-Info.plist"; sourceTree = "<group>"; };
		74CDF7DD155E42AE00B2459C /* en */ = {isa = PBXFileReference; lastKnownFileType = text.plist.strings; name = en; path = en.lproj/InfoPlist.strings; sourceTree = "<group>"; };
		74CDF7DF155E42AE00B2459C /* main.m */ = {isa = PBXFileReference; lastKnownFileType = sourcecode.c.objc; path = main.m; sourceTree = "<group>"; };
		74CDF7E1155E42AE00B2459C /* ukrbash-Prefix.pch */ = {isa = PBXFileReference; lastKnownFileType = sourcecode.c.h; path = "ukrbash-Prefix.pch"; sourceTree = "<group>"; };
		74CDF7E2155E42AE00B2459C /* AppDelegate.h */ = {isa = PBXFileReference; lastKnownFileType = sourcecode.c.h; path = AppDelegate.h; sourceTree = "<group>"; };
		74CDF7E3155E42AE00B2459C /* AppDelegate.m */ = {isa = PBXFileReference; lastKnownFileType = sourcecode.c.objc; path = AppDelegate.m; sourceTree = "<group>"; };
		74CDF7E6155E42AE00B2459C /* en */ = {isa = PBXFileReference; lastKnownFileType = file.storyboard; name = en; path = en.lproj/MainStoryboard.storyboard; sourceTree = "<group>"; };
/* End PBXFileReference section */

/* Begin PBXFrameworksBuildPhase section */
		74CDF7CC155E42AD00B2459C /* Frameworks */ = {
			isa = PBXFrameworksBuildPhase;
			buildActionMask = 2147483647;
			files = (
				747F6BE21633EE42007A315F /* SystemConfiguration.framework in Frameworks */,
				747F6BE01633EE3C007A315F /* MobileCoreServices.framework in Frameworks */,
				747F6BDE1633EDF0007A315F /* Security.framework in Frameworks */,
				747F6BDC1633EDDA007A315F /* CFNetwork.framework in Frameworks */,
				74CDA5F2155EAD7C0031B304 /* QuartzCore.framework in Frameworks */,
				749ED571163458C200D76B58 /* libRestKit.a in Frameworks */,
				741B0727155E49B700F07219 /* CoreData.framework in Frameworks */,
				74CDF7D4155E42AE00B2459C /* UIKit.framework in Frameworks */,
				74CDF7D6155E42AE00B2459C /* Foundation.framework in Frameworks */,
				74CDF7D8155E42AE00B2459C /* CoreGraphics.framework in Frameworks */,
			);
			runOnlyForDeploymentPostprocessing = 0;
		};
/* End PBXFrameworksBuildPhase section */

/* Begin PBXGroup section */
		749ED55B1634588100D76B58 /* Products */ = {
			isa = PBXGroup;
			children = (
				749ED5661634588200D76B58 /* libRestKit.a */,
				749ED5681634588200D76B58 /* RestKitTests.octest */,
				749ED56A1634588200D76B58 /* RestKit.framework */,
				749ED56C1634588200D76B58 /* RestKitFrameworkTests.octest */,
				749ED56E1634588200D76B58 /* RestKitResources.bundle */,
			);
			name = Products;
			sourceTree = "<group>";
		};
		74B41652155F94770025091D /* Logging */ = {
			isa = PBXGroup;
			children = (
				74B41653155F94770025091D /* Logging.h */,
			);
			path = Logging;
			sourceTree = "<group>";
		};
		74CDA5BF155EAC400031B304 /* ViewControllers */ = {
			isa = PBXGroup;
			children = (
				74CDA5FB155EB0280031B304 /* BaseViewController.h */,
				74CDA5FC155EB0280031B304 /* BaseViewController.m */,
				74CDA5C0155EAC400031B304 /* BestQuotesViewController.h */,
				74CDA5C1155EAC400031B304 /* BestQuotesViewController.m */,
				74CDA5C4155EAC400031B304 /* LatestQuotesViewController.h */,
				74CDA5C5155EAC400031B304 /* LatestQuotesViewController.m */,
				74CDA5C6155EAC400031B304 /* NotPublishedViewController.h */,
				74CDA5C7155EAC400031B304 /* NotPublishedViewController.m */,
				74CDA5C2155EAC400031B304 /* FavoritesViewController.h */,
				74CDA5C3155EAC400031B304 /* FavoritesViewController.m */,
			);
			path = ViewControllers;
			sourceTree = "<group>";
		};
		74CDA5CC155EAC560031B304 /* 3rdParty */ = {
			isa = PBXGroup;
			children = (
				749ED55A1634588100D76B58 /* RestKit.xcodeproj */,
				74B41652155F94770025091D /* Logging */,
				74CDA5DA155EAD2D0031B304 /* EGOTableViewPullRefresh */,
			);
			path = 3rdParty;
			sourceTree = "<group>";
		};
		74CDA5D1155EAC750031B304 /* Resources */ = {
			isa = PBXGroup;
			children = (
				74CDA5D2155EAC750031B304 /* first.png */,
				74CDA5D3155EAC750031B304 /* first@2x.png */,
				74CDA5D4155EAC750031B304 /* second.png */,
				74CDA5D5155EAC750031B304 /* second@2x.png */,
			);
			path = Resources;
			sourceTree = "<group>";
		};
		74CDA5DA155EAD2D0031B304 /* EGOTableViewPullRefresh */ = {
			isa = PBXGroup;
			children = (
				74CDA5DB155EAD2D0031B304 /* Classes */,
				74CDA5DF155EAD2D0031B304 /* Resources */,
			);
			path = EGOTableViewPullRefresh;
			sourceTree = "<group>";
		};
		74CDA5DB155EAD2D0031B304 /* Classes */ = {
			isa = PBXGroup;
			children = (
				74CDA5DC155EAD2D0031B304 /* View */,
			);
			path = Classes;
			sourceTree = "<group>";
		};
		74CDA5DC155EAD2D0031B304 /* View */ = {
			isa = PBXGroup;
			children = (
				74CDA5DD155EAD2D0031B304 /* EGORefreshTableHeaderView.h */,
				74CDA5DE155EAD2D0031B304 /* EGORefreshTableHeaderView.m */,
			);
			path = View;
			sourceTree = "<group>";
		};
		74CDA5DF155EAD2D0031B304 /* Resources */ = {
			isa = PBXGroup;
			children = (
				74CDA5E0155EAD2D0031B304 /* blackArrow.png */,
				74CDA5E1155EAD2D0031B304 /* blackArrow@2x.png */,
				74CDA5E2155EAD2D0031B304 /* blueArrow.png */,
				74CDA5E3155EAD2D0031B304 /* blueArrow@2x.png */,
				74CDA5E4155EAD2D0031B304 /* grayArrow.png */,
				74CDA5E5155EAD2D0031B304 /* grayArrow@2x.png */,
				74CDA5E6155EAD2D0031B304 /* whiteArrow.png */,
				74CDA5E7155EAD2D0031B304 /* whiteArrow@2x.png */,
			);
			path = Resources;
			sourceTree = "<group>";
		};
		74CDA5F7155EAEFE0031B304 /* Model */ = {
			isa = PBXGroup;
			children = (
			);
			path = Model;
			sourceTree = "<group>";
		};
		74CDF7C4155E42AD00B2459C = {
			isa = PBXGroup;
			children = (
				74CDF7D9155E42AE00B2459C /* ukrbash */,
				74CDF7D2155E42AD00B2459C /* Frameworks */,
				74CDF7D0155E42AD00B2459C /* Products */,
			);
			sourceTree = "<group>";
		};
		74CDF7D0155E42AD00B2459C /* Products */ = {
			isa = PBXGroup;
			children = (
				74CDF7CF155E42AD00B2459C /* ukrbash.app */,
			);
			name = Products;
			sourceTree = "<group>";
		};
		74CDF7D2155E42AD00B2459C /* Frameworks */ = {
			isa = PBXGroup;
			children = (
				747F6BE11633EE42007A315F /* SystemConfiguration.framework */,
				747F6BDF1633EE3C007A315F /* MobileCoreServices.framework */,
				747F6BDD1633EDF0007A315F /* Security.framework */,
				747F6BDB1633EDDA007A315F /* CFNetwork.framework */,
				74CDA5F1155EAD7C0031B304 /* QuartzCore.framework */,
				741B0726155E49B700F07219 /* CoreData.framework */,
				74CDF7D3155E42AE00B2459C /* UIKit.framework */,
				74CDF7D5155E42AE00B2459C /* Foundation.framework */,
				74CDF7D7155E42AE00B2459C /* CoreGraphics.framework */,
			);
			name = Frameworks;
			sourceTree = "<group>";
		};
		74CDF7D9155E42AE00B2459C /* ukrbash */ = {
			isa = PBXGroup;
			children = (
				74CDA5CC155EAC560031B304 /* 3rdParty */,
				74CDA5BF155EAC400031B304 /* ViewControllers */,
				74CDF7E2155E42AE00B2459C /* AppDelegate.h */,
				74CDF7E3155E42AE00B2459C /* AppDelegate.m */,
				74CDA5F7155EAEFE0031B304 /* Model */,
				74CDF7E5155E42AE00B2459C /* MainStoryboard.storyboard */,
				74CDF7DA155E42AE00B2459C /* Supporting Files */,
				741B0728155E4B8000F07219 /* QuotesCoreData.xcdatamodeld */,
				7411D04B16441DFB00B6DF27 /* Quote.h */,
				7411D04C16441DFB00B6DF27 /* Quote.m */,
				74CDA5D1155EAC750031B304 /* Resources */,
				74B41659155F966F0025091D /* Constants.h */,
				74A33175165382F500B0ED33 /* QuoteViewCell.h */,
				74A33176165382F600B0ED33 /* QuoteViewCell.m */,
			);
			path = ukrbash;
			sourceTree = "<group>";
		};
		74CDF7DA155E42AE00B2459C /* Supporting Files */ = {
			isa = PBXGroup;
			children = (
				74A331731653807000B0ED33 /* QuoteCellView.xib */,
				74CDF7DB155E42AE00B2459C /* ukrbash-Info.plist */,
				74CDF7DC155E42AE00B2459C /* InfoPlist.strings */,
				74CDF7DF155E42AE00B2459C /* main.m */,
				74CDF7E1155E42AE00B2459C /* ukrbash-Prefix.pch */,
			);
			name = "Supporting Files";
			sourceTree = "<group>";
		};
/* End PBXGroup section */

/* Begin PBXNativeTarget section */
		74CDF7CE155E42AD00B2459C /* ukrbash */ = {
			isa = PBXNativeTarget;
			buildConfigurationList = 74CDF7F8155E42AE00B2459C /* Build configuration list for PBXNativeTarget "ukrbash" */;
			buildPhases = (
				74CDF7CB155E42AD00B2459C /* Sources */,
				74CDF7CC155E42AD00B2459C /* Frameworks */,
				74CDF7CD155E42AD00B2459C /* Resources */,
			);
			buildRules = (
			);
			dependencies = (
				749ED570163458BC00D76B58 /* PBXTargetDependency */,
			);
			name = ukrbash;
			productName = ukrbash;
			productReference = 74CDF7CF155E42AD00B2459C /* ukrbash.app */;
			productType = "com.apple.product-type.application";
		};
/* End PBXNativeTarget section */

/* Begin PBXProject section */
		74CDF7C6155E42AD00B2459C /* Project object */ = {
			isa = PBXProject;
			attributes = {
				LastUpgradeCheck = 0420;
			};
			buildConfigurationList = 74CDF7C9155E42AD00B2459C /* Build configuration list for PBXProject "ukrbash" */;
			compatibilityVersion = "Xcode 3.2";
			developmentRegion = English;
			hasScannedForEncodings = 0;
			knownRegions = (
				en,
			);
			mainGroup = 74CDF7C4155E42AD00B2459C;
			productRefGroup = 74CDF7D0155E42AD00B2459C /* Products */;
			projectDirPath = "";
			projectReferences = (
				{
					ProductGroup = 749ED55B1634588100D76B58 /* Products */;
					ProjectRef = 749ED55A1634588100D76B58 /* RestKit.xcodeproj */;
				},
			);
			projectRoot = "";
			targets = (
				74CDF7CE155E42AD00B2459C /* ukrbash */,
			);
		};
/* End PBXProject section */

/* Begin PBXReferenceProxy section */
		749ED5661634588200D76B58 /* libRestKit.a */ = {
			isa = PBXReferenceProxy;
			fileType = archive.ar;
			path = libRestKit.a;
			remoteRef = 749ED5651634588200D76B58 /* PBXContainerItemProxy */;
			sourceTree = BUILT_PRODUCTS_DIR;
		};
		749ED5681634588200D76B58 /* RestKitTests.octest */ = {
			isa = PBXReferenceProxy;
			fileType = wrapper.cfbundle;
			path = RestKitTests.octest;
			remoteRef = 749ED5671634588200D76B58 /* PBXContainerItemProxy */;
			sourceTree = BUILT_PRODUCTS_DIR;
		};
		749ED56A1634588200D76B58 /* RestKit.framework */ = {
			isa = PBXReferenceProxy;
			fileType = wrapper.framework;
			path = RestKit.framework;
			remoteRef = 749ED5691634588200D76B58 /* PBXContainerItemProxy */;
			sourceTree = BUILT_PRODUCTS_DIR;
		};
		749ED56C1634588200D76B58 /* RestKitFrameworkTests.octest */ = {
			isa = PBXReferenceProxy;
			fileType = wrapper.cfbundle;
			path = RestKitFrameworkTests.octest;
			remoteRef = 749ED56B1634588200D76B58 /* PBXContainerItemProxy */;
			sourceTree = BUILT_PRODUCTS_DIR;
		};
		749ED56E1634588200D76B58 /* RestKitResources.bundle */ = {
			isa = PBXReferenceProxy;
			fileType = wrapper.cfbundle;
			path = RestKitResources.bundle;
			remoteRef = 749ED56D1634588200D76B58 /* PBXContainerItemProxy */;
			sourceTree = BUILT_PRODUCTS_DIR;
		};
/* End PBXReferenceProxy section */

/* Begin PBXResourcesBuildPhase section */
		74CDF7CD155E42AD00B2459C /* Resources */ = {
			isa = PBXResourcesBuildPhase;
			buildActionMask = 2147483647;
			files = (
				74CDF7DE155E42AE00B2459C /* InfoPlist.strings in Resources */,
				74CDF7E7155E42AE00B2459C /* MainStoryboard.storyboard in Resources */,
				74CDA5D6155EAC750031B304 /* first.png in Resources */,
				74CDA5D7155EAC750031B304 /* first@2x.png in Resources */,
				74CDA5D8155EAC750031B304 /* second.png in Resources */,
				74CDA5D9155EAC750031B304 /* second@2x.png in Resources */,
				74CDA5E9155EAD2D0031B304 /* blackArrow.png in Resources */,
				74CDA5EA155EAD2D0031B304 /* blackArrow@2x.png in Resources */,
				74CDA5EB155EAD2D0031B304 /* blueArrow.png in Resources */,
				74CDA5EC155EAD2D0031B304 /* blueArrow@2x.png in Resources */,
				74CDA5ED155EAD2D0031B304 /* grayArrow.png in Resources */,
				74CDA5EE155EAD2D0031B304 /* grayArrow@2x.png in Resources */,
				74CDA5EF155EAD2D0031B304 /* whiteArrow.png in Resources */,
				74CDA5F0155EAD2D0031B304 /* whiteArrow@2x.png in Resources */,
				74A331741653807000B0ED33 /* QuoteCellView.xib in Resources */,
			);
			runOnlyForDeploymentPostprocessing = 0;
		};
/* End PBXResourcesBuildPhase section */

/* Begin PBXSourcesBuildPhase section */
		74CDF7CB155E42AD00B2459C /* Sources */ = {
			isa = PBXSourcesBuildPhase;
			buildActionMask = 2147483647;
			files = (
				74CDF7E0155E42AE00B2459C /* main.m in Sources */,
				74CDF7E4155E42AE00B2459C /* AppDelegate.m in Sources */,
				741B072A155E4B8000F07219 /* QuotesCoreData.xcdatamodeld in Sources */,
				74CDA5C8155EAC400031B304 /* BestQuotesViewController.m in Sources */,
				74CDA5C9155EAC400031B304 /* FavoritesViewController.m in Sources */,
				74CDA5CA155EAC400031B304 /* LatestQuotesViewController.m in Sources */,
				74CDA5CB155EAC400031B304 /* NotPublishedViewController.m in Sources */,
				74CDA5E8155EAD2D0031B304 /* EGORefreshTableHeaderView.m in Sources */,
				74CDA5FD155EB0280031B304 /* BaseViewController.m in Sources */,
				7411D04D16441DFB00B6DF27 /* Quote.m in Sources */,
				74A33177165382F600B0ED33 /* QuoteViewCell.m in Sources */,
			);
			runOnlyForDeploymentPostprocessing = 0;
		};
/* End PBXSourcesBuildPhase section */

/* Begin PBXTargetDependency section */
		749ED570163458BC00D76B58 /* PBXTargetDependency */ = {
			isa = PBXTargetDependency;
			name = RestKit;
			targetProxy = 749ED56F163458BC00D76B58 /* PBXContainerItemProxy */;
		};
/* End PBXTargetDependency section */

/* Begin PBXVariantGroup section */
		74CDF7DC155E42AE00B2459C /* InfoPlist.strings */ = {
			isa = PBXVariantGroup;
			children = (
				74CDF7DD155E42AE00B2459C /* en */,
			);
			name = InfoPlist.strings;
			sourceTree = "<group>";
		};
		74CDF7E5155E42AE00B2459C /* MainStoryboard.storyboard */ = {
			isa = PBXVariantGroup;
			children = (
				74CDF7E6155E42AE00B2459C /* en */,
			);
			name = MainStoryboard.storyboard;
			sourceTree = "<group>";
		};
/* End PBXVariantGroup section */

/* Begin XCBuildConfiguration section */
		74CDF7F6155E42AE00B2459C /* Debug */ = {
			isa = XCBuildConfiguration;
			buildSettings = {
				ALWAYS_SEARCH_USER_PATHS = NO;
				ARCHS = "$(ARCHS_STANDARD_32_BIT)";
				CLANG_ENABLE_OBJC_ARC = YES;
				"CODE_SIGN_IDENTITY[sdk=iphoneos*]" = "iPhone Developer";
				COPY_PHASE_STRIP = NO;
				GCC_C_LANGUAGE_STANDARD = gnu99;
				GCC_DYNAMIC_NO_PIC = NO;
				GCC_OPTIMIZATION_LEVEL = 0;
				GCC_PREPROCESSOR_DEFINITIONS = (
					"DEBUG=1",
					"$(inherited)",
				);
				GCC_SYMBOLS_PRIVATE_EXTERN = NO;
				GCC_VERSION = com.apple.compilers.llvm.clang.1_0;
				GCC_WARN_ABOUT_MISSING_PROTOTYPES = YES;
				GCC_WARN_ABOUT_RETURN_TYPE = YES;
				GCC_WARN_UNUSED_VARIABLE = YES;
				HEADER_SEARCH_PATHS = "\"$(BUILT_PRODUCTS_DIR)/../../Headers\"/**";
				IPHONEOS_DEPLOYMENT_TARGET = 5.0;
				OTHER_LDFLAGS = (
					"-ObjC",
					"-all_load",
				);
				SDKROOT = iphoneos;
			};
			name = Debug;
		};
		74CDF7F7155E42AE00B2459C /* Release */ = {
			isa = XCBuildConfiguration;
			buildSettings = {
				ALWAYS_SEARCH_USER_PATHS = NO;
				ARCHS = "$(ARCHS_STANDARD_32_BIT)";
				CLANG_ENABLE_OBJC_ARC = YES;
				"CODE_SIGN_IDENTITY[sdk=iphoneos*]" = "iPhone Developer";
				COPY_PHASE_STRIP = YES;
				GCC_C_LANGUAGE_STANDARD = gnu99;
				GCC_VERSION = com.apple.compilers.llvm.clang.1_0;
				GCC_WARN_ABOUT_MISSING_PROTOTYPES = YES;
				GCC_WARN_ABOUT_RETURN_TYPE = YES;
				GCC_WARN_UNUSED_VARIABLE = YES;
				HEADER_SEARCH_PATHS = "\"$(BUILT_PRODUCTS_DIR)/../../Headers\"/**";
				IPHONEOS_DEPLOYMENT_TARGET = 5.0;
				OTHER_CFLAGS = "-DNS_BLOCK_ASSERTIONS=1";
				OTHER_LDFLAGS = (
					"-ObjC",
					"-all_load",
				);
				SDKROOT = iphoneos;
				VALIDATE_PRODUCT = YES;
			};
			name = Release;
		};
		74CDF7F9155E42AE00B2459C /* Debug */ = {
			isa = XCBuildConfiguration;
			buildSettings = {
				GCC_PRECOMPILE_PREFIX_HEADER = YES;
				GCC_PREFIX_HEADER = "ukrbash/ukrbash-Prefix.pch";
				INFOPLIST_FILE = "ukrbash/ukrbash-Info.plist";
				PRODUCT_NAME = "$(TARGET_NAME)";
				WRAPPER_EXTENSION = app;
			};
			name = Debug;
		};
		74CDF7FA155E42AE00B2459C /* Release */ = {
			isa = XCBuildConfiguration;
			buildSettings = {
				GCC_PRECOMPILE_PREFIX_HEADER = YES;
				GCC_PREFIX_HEADER = "ukrbash/ukrbash-Prefix.pch";
				INFOPLIST_FILE = "ukrbash/ukrbash-Info.plist";
				PRODUCT_NAME = "$(TARGET_NAME)";
				WRAPPER_EXTENSION = app;
			};
			name = Release;
		};
/* End XCBuildConfiguration section */

/* Begin XCConfigurationList section */
		74CDF7C9155E42AD00B2459C /* Build configuration list for PBXProject "ukrbash" */ = {
			isa = XCConfigurationList;
			buildConfigurations = (
				74CDF7F6155E42AE00B2459C /* Debug */,
				74CDF7F7155E42AE00B2459C /* Release */,
			);
			defaultConfigurationIsVisible = 0;
			defaultConfigurationName = Release;
		};
		74CDF7F8155E42AE00B2459C /* Build configuration list for PBXNativeTarget "ukrbash" */ = {
			isa = XCConfigurationList;
			buildConfigurations = (
				74CDF7F9155E42AE00B2459C /* Debug */,
				74CDF7FA155E42AE00B2459C /* Release */,
			);
			defaultConfigurationIsVisible = 0;
			defaultConfigurationName = Release;
		};
/* End XCConfigurationList section */

/* Begin XCVersionGroup section */
		741B0728155E4B8000F07219 /* QuotesCoreData.xcdatamodeld */ = {
			isa = XCVersionGroup;
			children = (
				741B0729155E4B8000F07219 /* QuotesCoreData.xcdatamodel */,
			);
			currentVersion = 741B0729155E4B8000F07219 /* QuotesCoreData.xcdatamodel */;
			path = QuotesCoreData.xcdatamodeld;
			sourceTree = "<group>";
			versionGroupType = wrapper.xcdatamodel;
		};
/* End XCVersionGroup section */
	};
	rootObject = 74CDF7C6155E42AD00B2459C /* Project object */;
}
